// !$*UTF8*$!
{
	archiveVersion = 1;
	classes = {
	};
	objectVersion = 56;
	objects = {

/* Begin PBXBuildFile section */
		38AA7D2A2F6148A900923217 /* VideoPlayerApp.swift in Sources */ = {isa = PBXBuildFile; fileRef = 38AA7D292F6148A900923217 /* VideoPlayerApp.swift */; };
		38AA7D2C2F6148A900923217 /* ContentView.swift in Sources */ = {isa = PBXBuildFile; fileRef = 38AA7D2B2F6148A900923217 /* ContentView.swift */; };
		38AA7D2E2F6148AA00923217 /* Assets.xcassets in Resources */ = {isa = PBXBuildFile; fileRef = 38AA7D2D2F6148AA00923217 /* Assets.xcassets */; };
		38AA7D312F6148AA00923217 /* Preview Assets.xcassets in Resources */ = {isa = PBXBuildFile; fileRef = 38AA7D302F6148AA00923217 /* Preview Assets.xcassets */; };
		38AA7D452F6148AB00923217 /* VideoPlayerUITests.swift in Sources */ = {isa = PBXBuildFile; fileRef = 38AA7D442F6148AB00923217 /* VideoPlayerUITests.swift */; };
		38AA7D472F6148AB00923217 /* VideoPlayerUITestsLaunchTests.swift in Sources */ = {isa = PBXBuildFile; fileRef = 38AA7D462F6148AB00923217 /* VideoPlayerUITestsLaunchTests.swift */; };
		38AA7D552F6157CE00923217 /* VideoResponse.swift in Sources */ = {isa = PBXBuildFile; fileRef = 38AA7D542F6157CE00923217 /* VideoResponse.swift */; };
		38AA7D572F6157EB00923217 /* Video.swift in Sources */ = {isa = PBXBuildFile; fileRef = 38AA7D562F6157EB00923217 /* Video.swift */; };
		38AA7D5C2F61594600923217 /* Endpoint.swift in Sources */ = {isa = PBXBuildFile; fileRef = 38AA7D5B2F61594600923217 /* Endpoint.swift */; };
		38AA7D5F2F61598D00923217 /* Constants.swift in Sources */ = {isa = PBXBuildFile; fileRef = 38AA7D5E2F61598D00923217 /* Constants.swift */; };
		38AA7D612F615CE200923217 /* VideosRepository.swift in Sources */ = {isa = PBXBuildFile; fileRef = 38AA7D602F615CE200923217 /* VideosRepository.swift */; };
		38AA7D632F615D1000923217 /* NetworkService.swift in Sources */ = {isa = PBXBuildFile; fileRef = 38AA7D622F615D1000923217 /* NetworkService.swift */; };
		38AA7D662F615E4600923217 /* CustomError.swift in Sources */ = {isa = PBXBuildFile; fileRef = 38AA7D652F615E4600923217 /* CustomError.swift */; };
		38AA7D6E2F61650200923217 /* VideosListView.swift in Sources */ = {isa = PBXBuildFile; fileRef = 38AA7D6D2F61650200923217 /* VideosListView.swift */; };
		38AA7D722F61673B00923217 /* VideoListViewModel.swift in Sources */ = {isa = PBXBuildFile; fileRef = 38AA7D712F61673B00923217 /* VideoListViewModel.swift */; };
		38AA7D742F617BF900923217 /* VideoListItemView.swift in Sources */ = {isa = PBXBuildFile; fileRef = 38AA7D732F617BF900923217 /* VideoListItemView.swift */; };
		38AA7D772F617DEB00923217 /* NukeUI in Frameworks */ = {isa = PBXBuildFile; productRef = 38AA7D762F617DEB00923217 /* NukeUI */; };
		38AA7D7B2F6181E300923217 /* VideoPlayerPage.swift in Sources */ = {isa = PBXBuildFile; fileRef = 38AA7D7A2F6181E300923217 /* VideoPlayerPage.swift */; };
		38AA7D7F2F61ABC500923217 /* PaginationParams.swift in Sources */ = {isa = PBXBuildFile; fileRef = 38AA7D7E2F61ABC500923217 /* PaginationParams.swift */; };
		38AA7D812F61E79A00923217 /* VideoPlayerViewModel.swift in Sources */ = {isa = PBXBuildFile; fileRef = 38AA7D802F61E79A00923217 /* VideoPlayerViewModel.swift */; };
		38CADC372F633B9D00D528D1 /* ErrorView.swift in Sources */ = {isa = PBXBuildFile; fileRef = 38CADC362F633B9D00D528D1 /* ErrorView.swift */; };
		38CADC3E2F63443200D528D1 /* MockNetworkService.swift in Sources */ = {isa = PBXBuildFile; fileRef = 38CADC3D2F63443200D528D1 /* MockNetworkService.swift */; };
		38CADC422F63453600D528D1 /* VideoRepositoryTests.swift in Sources */ = {isa = PBXBuildFile; fileRef = 38CADC412F63453600D528D1 /* VideoRepositoryTests.swift */; };
		38CADC452F6349E300D528D1 /* MockVideoResponse.swift in Sources */ = {isa = PBXBuildFile; fileRef = 38CADC442F6349E300D528D1 /* MockVideoResponse.swift */; };
		38CADC482F634C1F00D528D1 /* MockVideoRepository.swift in Sources */ = {isa = PBXBuildFile; fileRef = 38CADC472F634C1F00D528D1 /* MockVideoRepository.swift */; };
		38CADC4A2F634C5B00D528D1 /* VideoListViewModelTests.swift in Sources */ = {isa = PBXBuildFile; fileRef = 38CADC492F634C5B00D528D1 /* VideoListViewModelTests.swift */; };
		38CADC4C2F634DFA00D528D1 /* VideoPlayerViewModelTests.swift in Sources */ = {isa = PBXBuildFile; fileRef = 38CADC4B2F634DFA00D528D1 /* VideoPlayerViewModelTests.swift */; };
		38CADC4F2F63533E00D528D1 /* MockUrlProtocol.swift in Sources */ = {isa = PBXBuildFile; fileRef = 38CADC4E2F63533E00D528D1 /* MockUrlProtocol.swift */; };
		38CADC512F6354C800D528D1 /* NetworkServiceTests.swift in Sources */ = {isa = PBXBuildFile; fileRef = 38CADC502F6354C800D528D1 /* NetworkServiceTests.swift */; };
		38CADC532F6354E400D528D1 /* MockEndpoint.swift in Sources */ = {isa = PBXBuildFile; fileRef = 38CADC522F6354E400D528D1 /* MockEndpoint.swift */; };
		38D146B22F6487AF0062D8A3 /* NavigationCoordinator.swift in Sources */ = {isa = PBXBuildFile; fileRef = 38D146B12F6487AF0062D8A3 /* NavigationCoordinator.swift */; };
		38D146B42F648F5C0062D8A3 /* ShimmerView.swift in Sources */ = {isa = PBXBuildFile; fileRef = 38D146B32F648F5C0062D8A3 /* ShimmerView.swift */; };
/* End PBXBuildFile section */

/* Begin PBXContainerItemProxy section */
		38AA7D372F6148AB00923217 /* PBXContainerItemProxy */ = {
			isa = PBXContainerItemProxy;
			containerPortal = 38AA7D1E2F6148A900923217 /* Project object */;
			proxyType = 1;
			remoteGlobalIDString = 38AA7D252F6148A900923217;
			remoteInfo = VideoPlayer;
		};
		38AA7D412F6148AB00923217 /* PBXContainerItemProxy */ = {
			isa = PBXContainerItemProxy;
			containerPortal = 38AA7D1E2F6148A900923217 /* Project object */;
			proxyType = 1;
			remoteGlobalIDString = 38AA7D252F6148A900923217;
			remoteInfo = VideoPlayer;
		};
/* End PBXContainerItemProxy section */

/* Begin PBXFileReference section */
		38AA7D262F6148A900923217 /* VideoPlayer.app */ = {isa = PBXFileReference; explicitFileType = wrapper.application; includeInIndex = 0; path = VideoPlayer.app; sourceTree = BUILT_PRODUCTS_DIR; };
		38AA7D292F6148A900923217 /* VideoPlayerApp.swift */ = {isa = PBXFileReference; lastKnownFileType = sourcecode.swift; path = VideoPlayerApp.swift; sourceTree = "<group>"; };
		38AA7D2B2F6148A900923217 /* ContentView.swift */ = {isa = PBXFileReference; lastKnownFileType = sourcecode.swift; path = ContentView.swift; sourceTree = "<group>"; };
		38AA7D2D2F6148AA00923217 /* Assets.xcassets */ = {isa = PBXFileReference; lastKnownFileType = folder.assetcatalog; path = Assets.xcassets; sourceTree = "<group>"; };
		38AA7D302F6148AA00923217 /* Preview Assets.xcassets */ = {isa = PBXFileReference; lastKnownFileType = folder.assetcatalog; path = "Preview Assets.xcassets"; sourceTree = "<group>"; };
		38AA7D362F6148AB00923217 /* VideoPlayerTests.xctest */ = {isa = PBXFileReference; explicitFileType = wrapper.cfbundle; includeInIndex = 0; path = VideoPlayerTests.xctest; sourceTree = BUILT_PRODUCTS_DIR; };
		38AA7D402F6148AB00923217 /* VideoPlayerUITests.xctest */ = {isa = PBXFileReference; explicitFileType = wrapper.cfbundle; includeInIndex = 0; path = VideoPlayerUITests.xctest; sourceTree = BUILT_PRODUCTS_DIR; };
		38AA7D442F6148AB00923217 /* VideoPlayerUITests.swift */ = {isa = PBXFileReference; lastKnownFileType = sourcecode.swift; path = VideoPlayerUITests.swift; sourceTree = "<group>"; };
		38AA7D462F6148AB00923217 /* VideoPlayerUITestsLaunchTests.swift */ = {isa = PBXFileReference; lastKnownFileType = sourcecode.swift; path = VideoPlayerUITestsLaunchTests.swift; sourceTree = "<group>"; };
		38AA7D542F6157CE00923217 /* VideoResponse.swift */ = {isa = PBXFileReference; lastKnownFileType = sourcecode.swift; path = VideoResponse.swift; sourceTree = "<group>"; };
		38AA7D562F6157EB00923217 /* Video.swift */ = {isa = PBXFileReference; lastKnownFileType = sourcecode.swift; path = Video.swift; sourceTree = "<group>"; };
		38AA7D5B2F61594600923217 /* Endpoint.swift */ = {isa = PBXFileReference; lastKnownFileType = sourcecode.swift; path = Endpoint.swift; sourceTree = "<group>"; };
		38AA7D5E2F61598D00923217 /* Constants.swift */ = {isa = PBXFileReference; lastKnownFileType = sourcecode.swift; path = Constants.swift; sourceTree = "<group>"; };
		38AA7D602F615CE200923217 /* VideosRepository.swift */ = {isa = PBXFileReference; lastKnownFileType = sourcecode.swift; path = VideosRepository.swift; sourceTree = "<group>"; };
		38AA7D622F615D1000923217 /* NetworkService.swift */ = {isa = PBXFileReference; lastKnownFileType = sourcecode.swift; path = NetworkService.swift; sourceTree = "<group>"; };
		38AA7D652F615E4600923217 /* CustomError.swift */ = {isa = PBXFileReference; lastKnownFileType = sourcecode.swift; path = CustomError.swift; sourceTree = "<group>"; };
		38AA7D6D2F61650200923217 /* VideosListView.swift */ = {isa = PBXFileReference; lastKnownFileType = sourcecode.swift; path = VideosListView.swift; sourceTree = "<group>"; };
		38AA7D712F61673B00923217 /* VideoListViewModel.swift */ = {isa = PBXFileReference; lastKnownFileType = sourcecode.swift; path = VideoListViewModel.swift; sourceTree = "<group>"; };
		38AA7D732F617BF900923217 /* VideoListItemView.swift */ = {isa = PBXFileReference; lastKnownFileType = sourcecode.swift; path = VideoListItemView.swift; sourceTree = "<group>"; };
		38AA7D7A2F6181E300923217 /* VideoPlayerPage.swift */ = {isa = PBXFileReference; lastKnownFileType = sourcecode.swift; path = VideoPlayerPage.swift; sourceTree = "<group>"; };
		38AA7D7E2F61ABC500923217 /* PaginationParams.swift */ = {isa = PBXFileReference; lastKnownFileType = sourcecode.swift; path = PaginationParams.swift; sourceTree = "<group>"; };
		38AA7D802F61E79A00923217 /* VideoPlayerViewModel.swift */ = {isa = PBXFileReference; lastKnownFileType = sourcecode.swift; path = VideoPlayerViewModel.swift; sourceTree = "<group>"; };
		38CADC362F633B9D00D528D1 /* ErrorView.swift */ = {isa = PBXFileReference; lastKnownFileType = sourcecode.swift; path = ErrorView.swift; sourceTree = "<group>"; };
		38CADC3D2F63443200D528D1 /* MockNetworkService.swift */ = {isa = PBXFileReference; lastKnownFileType = sourcecode.swift; path = MockNetworkService.swift; sourceTree = "<group>"; };
		38CADC412F63453600D528D1 /* VideoRepositoryTests.swift */ = {isa = PBXFileReference; lastKnownFileType = sourcecode.swift; path = VideoRepositoryTests.swift; sourceTree = "<group>"; };
		38CADC442F6349E300D528D1 /* MockVideoResponse.swift */ = {isa = PBXFileReference; lastKnownFileType = sourcecode.swift; path = MockVideoResponse.swift; sourceTree = "<group>"; };
		38CADC472F634C1F00D528D1 /* MockVideoRepository.swift */ = {isa = PBXFileReference; lastKnownFileType = sourcecode.swift; path = MockVideoRepository.swift; sourceTree = "<group>"; };
		38CADC492F634C5B00D528D1 /* VideoListViewModelTests.swift */ = {isa = PBXFileReference; lastKnownFileType = sourcecode.swift; path = VideoListViewModelTests.swift; sourceTree = "<group>"; };
		38CADC4B2F634DFA00D528D1 /* VideoPlayerViewModelTests.swift */ = {isa = PBXFileReference; lastKnownFileType = sourcecode.swift; path = VideoPlayerViewModelTests.swift; sourceTree = "<group>"; };
		38CADC4E2F63533E00D528D1 /* MockUrlProtocol.swift */ = {isa = PBXFileReference; lastKnownFileType = sourcecode.swift; path = MockUrlProtocol.swift; sourceTree = "<group>"; };
		38CADC502F6354C800D528D1 /* NetworkServiceTests.swift */ = {isa = PBXFileReference; lastKnownFileType = sourcecode.swift; path = NetworkServiceTests.swift; sourceTree = "<group>"; };
		38CADC522F6354E400D528D1 /* MockEndpoint.swift */ = {isa = PBXFileReference; lastKnownFileType = sourcecode.swift; path = MockEndpoint.swift; sourceTree = "<group>"; };
		38D146B12F6487AF0062D8A3 /* NavigationCoordinator.swift */ = {isa = PBXFileReference; lastKnownFileType = sourcecode.swift; path = NavigationCoordinator.swift; sourceTree = "<group>"; };
		38D146B32F648F5C0062D8A3 /* ShimmerView.swift */ = {isa = PBXFileReference; fileEncoding = 4; lastKnownFileType = sourcecode.swift; path = ShimmerView.swift; sourceTree = "<group>"; };
/* End PBXFileReference section */

/* Begin PBXFrameworksBuildPhase section */
		38AA7D232F6148A900923217 /* Frameworks */ = {
			isa = PBXFrameworksBuildPhase;
			buildActionMask = 2147483647;
			files = (
				38AA7D772F617DEB00923217 /* NukeUI in Frameworks */,
			);
			runOnlyForDeploymentPostprocessing = 0;
		};
		38AA7D332F6148AB00923217 /* Frameworks */ = {
			isa = PBXFrameworksBuildPhase;
			buildActionMask = 2147483647;
			files = (
			);
			runOnlyForDeploymentPostprocessing = 0;
		};
		38AA7D3D2F6148AB00923217 /* Frameworks */ = {
			isa = PBXFrameworksBuildPhase;
			buildActionMask = 2147483647;
			files = (
			);
			runOnlyForDeploymentPostprocessing = 0;
		};
/* End PBXFrameworksBuildPhase section */

/* Begin PBXGroup section */
		38AA7D1D2F6148A900923217 = {
			isa = PBXGroup;
			children = (
				38AA7D282F6148A900923217 /* VideoPlayer */,
				38AA7D392F6148AB00923217 /* VideoPlayerTests */,
				38AA7D432F6148AB00923217 /* VideoPlayerUITests */,
				38AA7D272F6148A900923217 /* Products */,
			);
			sourceTree = "<group>";
		};
		38AA7D272F6148A900923217 /* Products */ = {
			isa = PBXGroup;
			children = (
				38AA7D262F6148A900923217 /* VideoPlayer.app */,
				38AA7D362F6148AB00923217 /* VideoPlayerTests.xctest */,
				38AA7D402F6148AB00923217 /* VideoPlayerUITests.xctest */,
			);
			name = Products;
			sourceTree = "<group>";
		};
		38AA7D282F6148A900923217 /* VideoPlayer */ = {
			isa = PBXGroup;
			children = (
				38D146B02F64874E0062D8A3 /* Coordinators */,
				38AA7D692F61629400923217 /* Views */,
				38AA7D582F61592200923217 /* ViewModels */,
				38AA7D5A2F61593900923217 /* Repository */,
				38AA7D592F61592B00923217 /* Service */,
				38AA7D532F6157BD00923217 /* Models */,
				38AA7D642F615E3500923217 /* Errors */,
				38AA7D5D2F61598200923217 /* Helpers */,
				38AA7D292F6148A900923217 /* VideoPlayerApp.swift */,
				38AA7D2B2F6148A900923217 /* ContentView.swift */,
				38AA7D2D2F6148AA00923217 /* Assets.xcassets */,
				38AA7D2F2F6148AA00923217 /* Preview Content */,
			);
			path = VideoPlayer;
			sourceTree = "<group>";
		};
		38AA7D2F2F6148AA00923217 /* Preview Content */ = {
			isa = PBXGroup;
			children = (
				38AA7D302F6148AA00923217 /* Preview Assets.xcassets */,
			);
			path = "Preview Content";
			sourceTree = "<group>";
		};
		38AA7D392F6148AB00923217 /* VideoPlayerTests */ = {
			isa = PBXGroup;
			children = (
				38CADC3B2F6342FC00D528D1 /* Mocks */,
				38CADC3A2F6342F500D528D1 /* Service */,
				38CADC392F6342E900D528D1 /* Repository */,
				38CADC382F6342D500D528D1 /* ViewModels */,
			);
			path = VideoPlayerTests;
			sourceTree = "<group>";
		};
		38AA7D432F6148AB00923217 /* VideoPlayerUITests */ = {
			isa = PBXGroup;
			children = (
				38AA7D442F6148AB00923217 /* VideoPlayerUITests.swift */,
				38AA7D462F6148AB00923217 /* VideoPlayerUITestsLaunchTests.swift */,
			);
			path = VideoPlayerUITests;
			sourceTree = "<group>";
		};
		38AA7D532F6157BD00923217 /* Models */ = {
			isa = PBXGroup;
			children = (
				38AA7D542F6157CE00923217 /* VideoResponse.swift */,
				38AA7D562F6157EB00923217 /* Video.swift */,
			);
			path = Models;
			sourceTree = "<group>";
		};
		38AA7D582F61592200923217 /* ViewModels */ = {
			isa = PBXGroup;
			children = (
				38AA7D712F61673B00923217 /* VideoListViewModel.swift */,
				38AA7D802F61E79A00923217 /* VideoPlayerViewModel.swift */,
			);
			path = ViewModels;
			sourceTree = "<group>";
		};
		38AA7D592F61592B00923217 /* Service */ = {
			isa = PBXGroup;
			children = (
				38AA7D5B2F61594600923217 /* Endpoint.swift */,
				38AA7D622F615D1000923217 /* NetworkService.swift */,
			);
			path = Service;
			sourceTree = "<group>";
		};
		38AA7D5A2F61593900923217 /* Repository */ = {
			isa = PBXGroup;
			children = (
				38AA7D602F615CE200923217 /* VideosRepository.swift */,
				38AA7D7E2F61ABC500923217 /* PaginationParams.swift */,
			);
			path = Repository;
			sourceTree = "<group>";
		};
		38AA7D5D2F61598200923217 /* Helpers */ = {
			isa = PBXGroup;
			children = (
				38D146B52F648F870062D8A3 /* AccessibilityID.swift */,
				38AA7D5E2F61598D00923217 /* Constants.swift */,
			);
			path = Helpers;
			sourceTree = "<group>";
		};
		38AA7D642F615E3500923217 /* Errors */ = {
			isa = PBXGroup;
			children = (
				38CADC352F633B8600D528D1 /* View */,
				38AA7D652F615E4600923217 /* CustomError.swift */,
			);
			path = Errors;
			sourceTree = "<group>";
		};
		38AA7D692F61629400923217 /* Views */ = {
			isa = PBXGroup;
			children = (
				38D146B32F648F5C0062D8A3 /* ShimmerView.swift */,
				38AA7D6D2F61650200923217 /* VideosListView.swift */,
				38AA7D732F617BF900923217 /* VideoListItemView.swift */,
				38AA7D7A2F6181E300923217 /* VideoPlayerPage.swift */,
			);
			path = Views;
			sourceTree = "<group>";
		};
		38CADC352F633B8600D528D1 /* View */ = {
			isa = PBXGroup;
			children = (
				38CADC362F633B9D00D528D1 /* ErrorView.swift */,
			);
			path = View;
			sourceTree = "<group>";
		};
		38CADC382F6342D500D528D1 /* ViewModels */ = {
			isa = PBXGroup;
			children = (
				38CADC492F634C5B00D528D1 /* VideoListViewModelTests.swift */,
				38CADC4B2F634DFA00D528D1 /* VideoPlayerViewModelTests.swift */,
			);
			path = ViewModels;
			sourceTree = "<group>";
		};
		38CADC392F6342E900D528D1 /* Repository */ = {
			isa = PBXGroup;
			children = (
				38CADC412F63453600D528D1 /* VideoRepositoryTests.swift */,
			);
			path = Repository;
			sourceTree = "<group>";
		};
		38CADC3A2F6342F500D528D1 /* Service */ = {
			isa = PBXGroup;
			children = (
				38CADC502F6354C800D528D1 /* NetworkServiceTests.swift */,
			);
			path = Service;
			sourceTree = "<group>";
		};
		38CADC3B2F6342FC00D528D1 /* Mocks */ = {
			isa = PBXGroup;
			children = (
				38CADC462F634BFB00D528D1 /* Repository */,
				38CADC432F6349CE00D528D1 /* Models */,
				38CADC3C2F63441D00D528D1 /* Service */,
				38CADC4E2F63533E00D528D1 /* MockUrlProtocol.swift */,
			);
			path = Mocks;
			sourceTree = "<group>";
		};
		38CADC3C2F63441D00D528D1 /* Service */ = {
			isa = PBXGroup;
			children = (
				38CADC3D2F63443200D528D1 /* MockNetworkService.swift */,
			);
			path = Service;
			sourceTree = "<group>";
		};
		38CADC432F6349CE00D528D1 /* Models */ = {
			isa = PBXGroup;
			children = (
				38CADC442F6349E300D528D1 /* MockVideoResponse.swift */,
				38CADC522F6354E400D528D1 /* MockEndpoint.swift */,
			);
			path = Models;
			sourceTree = "<group>";
		};
		38CADC462F634BFB00D528D1 /* Repository */ = {
			isa = PBXGroup;
			children = (
				38CADC472F634C1F00D528D1 /* MockVideoRepository.swift */,
			);
			path = Repository;
			sourceTree = "<group>";
		};
		38D146B02F64874E0062D8A3 /* Coordinators */ = {
			isa = PBXGroup;
			children = (
				38D146B12F6487AF0062D8A3 /* NavigationCoordinator.swift */,
			);
			path = Coordinators;
			sourceTree = "<group>";
		};
/* End PBXGroup section */

/* Begin PBXNativeTarget section */
		38AA7D252F6148A900923217 /* VideoPlayer */ = {
			isa = PBXNativeTarget;
			buildConfigurationList = 38AA7D4A2F6148AB00923217 /* Build configuration list for PBXNativeTarget "VideoPlayer" */;
			buildPhases = (
				38AA7D222F6148A900923217 /* Sources */,
				38AA7D232F6148A900923217 /* Frameworks */,
				38AA7D242F6148A900923217 /* Resources */,
			);
			buildRules = (
			);
			dependencies = (
			);
			name = VideoPlayer;
			packageProductDependencies = (
				38AA7D762F617DEB00923217 /* NukeUI */,
			);
			productName = VideoPlayer;
			productReference = 38AA7D262F6148A900923217 /* VideoPlayer.app */;
			productType = "com.apple.product-type.application";
		};
		38AA7D352F6148AB00923217 /* VideoPlayerTests */ = {
			isa = PBXNativeTarget;
			buildConfigurationList = 38AA7D4D2F6148AB00923217 /* Build configuration list for PBXNativeTarget "VideoPlayerTests" */;
			buildPhases = (
				38AA7D322F6148AB00923217 /* Sources */,
				38AA7D332F6148AB00923217 /* Frameworks */,
				38AA7D342F6148AB00923217 /* Resources */,
			);
			buildRules = (
			);
			dependencies = (
				38AA7D382F6148AB00923217 /* PBXTargetDependency */,
			);
			name = VideoPlayerTests;
			productName = VideoPlayerTests;
			productReference = 38AA7D362F6148AB00923217 /* VideoPlayerTests.xctest */;
			productType = "com.apple.product-type.bundle.unit-test";
		};
		38AA7D3F2F6148AB00923217 /* VideoPlayerUITests */ = {
			isa = PBXNativeTarget;
			buildConfigurationList = 38AA7D502F6148AB00923217 /* Build configuration list for PBXNativeTarget "VideoPlayerUITests" */;
			buildPhases = (
				38AA7D3C2F6148AB00923217 /* Sources */,
				38AA7D3D2F6148AB00923217 /* Frameworks */,
				38AA7D3E2F6148AB00923217 /* Resources */,
			);
			buildRules = (
			);
			dependencies = (
				38AA7D422F6148AB00923217 /* PBXTargetDependency */,
			);
			name = VideoPlayerUITests;
			productName = VideoPlayerUITests;
			productReference = 38AA7D402F6148AB00923217 /* VideoPlayerUITests.xctest */;
			productType = "com.apple.product-type.bundle.ui-testing";
		};
/* End PBXNativeTarget section */

/* Begin PBXProject section */
		38AA7D1E2F6148A900923217 /* Project object */ = {
			isa = PBXProject;
			attributes = {
				BuildIndependentTargetsInParallel = 1;
				LastSwiftUpdateCheck = 1500;
				LastUpgradeCheck = 1500;
				TargetAttributes = {
					38AA7D252F6148A900923217 = {
						CreatedOnToolsVersion = 15.0;
					};
					38AA7D352F6148AB00923217 = {
						CreatedOnToolsVersion = 15.0;
						TestTargetID = 38AA7D252F6148A900923217;
					};
					38AA7D3F2F6148AB00923217 = {
						CreatedOnToolsVersion = 15.0;
						TestTargetID = 38AA7D252F6148A900923217;
					};
				};
			};
			buildConfigurationList = 38AA7D212F6148A900923217 /* Build configuration list for PBXProject "VideoPlayer" */;
			compatibilityVersion = "Xcode 14.0";
			developmentRegion = en;
			hasScannedForEncodings = 0;
			knownRegions = (
				en,
				Base,
			);
			mainGroup = 38AA7D1D2F6148A900923217;
			packageReferences = (
				38AA7D752F617DEA00923217 /* XCRemoteSwiftPackageReference "Nuke" */,
			);
			productRefGroup = 38AA7D272F6148A900923217 /* Products */;
			projectDirPath = "";
			projectRoot = "";
			targets = (
				38AA7D252F6148A900923217 /* VideoPlayer */,
				38AA7D352F6148AB00923217 /* VideoPlayerTests */,
				38AA7D3F2F6148AB00923217 /* VideoPlayerUITests */,
			);
		};
/* End PBXProject section */

/* Begin PBXResourcesBuildPhase section */
		38AA7D242F6148A900923217 /* Resources */ = {
			isa = PBXResourcesBuildPhase;
			buildActionMask = 2147483647;
			files = (
				38AA7D312F6148AA00923217 /* Preview Assets.xcassets in Resources */,
				38AA7D2E2F6148AA00923217 /* Assets.xcassets in Resources */,
			);
			runOnlyForDeploymentPostprocessing = 0;
		};
		38AA7D342F6148AB00923217 /* Resources */ = {
			isa = PBXResourcesBuildPhase;
			buildActionMask = 2147483647;
			files = (
			);
			runOnlyForDeploymentPostprocessing = 0;
		};
		38AA7D3E2F6148AB00923217 /* Resources */ = {
			isa = PBXResourcesBuildPhase;
			buildActionMask = 2147483647;
			files = (
			);
			runOnlyForDeploymentPostprocessing = 0;
		};
/* End PBXResourcesBuildPhase section */

/* Begin PBXSourcesBuildPhase section */
		38AA7D222F6148A900923217 /* Sources */ = {
			isa = PBXSourcesBuildPhase;
			buildActionMask = 2147483647;
			files = (
				38AA7D612F615CE200923217 /* VideosRepository.swift in Sources */,
				38AA7D2C2F6148A900923217 /* ContentView.swift in Sources */,
				38AA7D6E2F61650200923217 /* VideosListView.swift in Sources */,
				38AA7D7B2F6181E300923217 /* VideoPlayerPage.swift in Sources */,
				38CADC372F633B9D00D528D1 /* ErrorView.swift in Sources */,
				38AA7D632F615D1000923217 /* NetworkService.swift in Sources */,
				38D146B42F648F5C0062D8A3 /* ShimmerView.swift in Sources */,
				38AA7D812F61E79A00923217 /* VideoPlayerViewModel.swift in Sources */,
				38AA7D742F617BF900923217 /* VideoListItemView.swift in Sources */,
				38AA7D572F6157EB00923217 /* Video.swift in Sources */,
				38AA7D552F6157CE00923217 /* VideoResponse.swift in Sources */,
				38AA7D7F2F61ABC500923217 /* PaginationParams.swift in Sources */,
				38AA7D722F61673B00923217 /* VideoListViewModel.swift in Sources */,
				38D146B22F6487AF0062D8A3 /* NavigationCoordinator.swift in Sources */,
				38AA7D5F2F61598D00923217 /* Constants.swift in Sources */,
				38AA7D2A2F6148A900923217 /* VideoPlayerApp.swift in Sources */,
				38AA7D662F615E4600923217 /* CustomError.swift in Sources */,
				38AA7D5C2F61594600923217 /* Endpoint.swift in Sources */,
			);
			runOnlyForDeploymentPostprocessing = 0;
		};
		38AA7D322F6148AB00923217 /* Sources */ = {
			isa = PBXSourcesBuildPhase;
			buildActionMask = 2147483647;
			files = (
				38CADC452F6349E300D528D1 /* MockVideoResponse.swift in Sources */,
				38CADC422F63453600D528D1 /* VideoRepositoryTests.swift in Sources */,
				38CADC4A2F634C5B00D528D1 /* VideoListViewModelTests.swift in Sources */,
				38CADC3E2F63443200D528D1 /* MockNetworkService.swift in Sources */,
				38CADC482F634C1F00D528D1 /* MockVideoRepository.swift in Sources */,
				38CADC4C2F634DFA00D528D1 /* VideoPlayerViewModelTests.swift in Sources */,
				38CADC532F6354E400D528D1 /* MockEndpoint.swift in Sources */,
				38CADC512F6354C800D528D1 /* NetworkServiceTests.swift in Sources */,
				38CADC4F2F63533E00D528D1 /* MockUrlProtocol.swift in Sources */,
			);
			runOnlyForDeploymentPostprocessing = 0;
		};
		38AA7D3C2F6148AB00923217 /* Sources */ = {
			isa = PBXSourcesBuildPhase;
			buildActionMask = 2147483647;
			files = (
				38AA7D452F6148AB00923217 /* VideoPlayerUITests.swift in Sources */,
				38AA7D472F6148AB00923217 /* VideoPlayerUITestsLaunchTests.swift in Sources */,
			);
			runOnlyForDeploymentPostprocessing = 0;
		};
/* End PBXSourcesBuildPhase section */

/* Begin PBXTargetDependency section */
		38AA7D382F6148AB00923217 /* PBXTargetDependency */ = {
			isa = PBXTargetDependency;
			target = 38AA7D252F6148A900923217 /* VideoPlayer */;
			targetProxy = 38AA7D372F6148AB00923217 /* PBXContainerItemProxy */;
		};
		38AA7D422F6148AB00923217 /* PBXTargetDependency */ = {
			isa = PBXTargetDependency;
			target = 38AA7D252F6148A900923217 /* VideoPlayer */;
			targetProxy = 38AA7D412F6148AB00923217 /* PBXContainerItemProxy */;
		};
/* End PBXTargetDependency section */

/* Begin XCBuildConfiguration section */
		38AA7D482F6148AB00923217 /* Debug */ = {
			isa = XCBuildConfiguration;
			buildSettings = {
				ALWAYS_SEARCH_USER_PATHS = NO;
				ASSETCATALOG_COMPILER_GENERATE_SWIFT_ASSET_SYMBOL_EXTENSIONS = YES;
				CLANG_ANALYZER_NONNULL = YES;
				CLANG_ANALYZER_NUMBER_OBJECT_CONVERSION = YES_AGGRESSIVE;
				CLANG_CXX_LANGUAGE_STANDARD = "gnu++20";
				CLANG_ENABLE_MODULES = YES;
				CLANG_ENABLE_OBJC_ARC = YES;
				CLANG_ENABLE_OBJC_WEAK = YES;
				CLANG_WARN_BLOCK_CAPTURE_AUTORELEASING = YES;
				CLANG_WARN_BOOL_CONVERSION = YES;
				CLANG_WARN_COMMA = YES;
				CLANG_WARN_CONSTANT_CONVERSION = YES;
				CLANG_WARN_DEPRECATED_OBJC_IMPLEMENTATIONS = YES;
				CLANG_WARN_DIRECT_OBJC_ISA_USAGE = YES_ERROR;
				CLANG_WARN_DOCUMENTATION_COMMENTS = YES;
				CLANG_WARN_EMPTY_BODY = YES;
				CLANG_WARN_ENUM_CONVERSION = YES;
				CLANG_WARN_INFINITE_RECURSION = YES;
				CLANG_WARN_INT_CONVERSION = YES;
				CLANG_WARN_NON_LITERAL_NULL_CONVERSION = YES;
				CLANG_WARN_OBJC_IMPLICIT_RETAIN_SELF = YES;
				CLANG_WARN_OBJC_LITERAL_CONVERSION = YES;
				CLANG_WARN_OBJC_ROOT_CLASS = YES_ERROR;
				CLANG_WARN_QUOTED_INCLUDE_IN_FRAMEWORK_HEADER = YES;
				CLANG_WARN_RANGE_LOOP_ANALYSIS = YES;
				CLANG_WARN_STRICT_PROTOTYPES = YES;
				CLANG_WARN_SUSPICIOUS_MOVE = YES;
				CLANG_WARN_UNGUARDED_AVAILABILITY = YES_AGGRESSIVE;
				CLANG_WARN_UNREACHABLE_CODE = YES;
				CLANG_WARN__DUPLICATE_METHOD_MATCH = YES;
				COPY_PHASE_STRIP = NO;
				DEBUG_INFORMATION_FORMAT = dwarf;
				ENABLE_STRICT_OBJC_MSGSEND = YES;
				ENABLE_TESTABILITY = YES;
				ENABLE_USER_SCRIPT_SANDBOXING = YES;
				GCC_C_LANGUAGE_STANDARD = gnu17;
				GCC_DYNAMIC_NO_PIC = NO;
				GCC_NO_COMMON_BLOCKS = YES;
				GCC_OPTIMIZATION_LEVEL = 0;
				GCC_PREPROCESSOR_DEFINITIONS = (
					"DEBUG=1",
					"$(inherited)",
				);
				GCC_WARN_64_TO_32_BIT_CONVERSION = YES;
				GCC_WARN_ABOUT_RETURN_TYPE = YES_ERROR;
				GCC_WARN_UNDECLARED_SELECTOR = YES;
				GCC_WARN_UNINITIALIZED_AUTOS = YES_AGGRESSIVE;
				GCC_WARN_UNUSED_FUNCTION = YES;
				GCC_WARN_UNUSED_VARIABLE = YES;
				IPHONEOS_DEPLOYMENT_TARGET = 17.0;
				LOCALIZATION_PREFERS_STRING_CATALOGS = YES;
				MTL_ENABLE_DEBUG_INFO = INCLUDE_SOURCE;
				MTL_FAST_MATH = YES;
				ONLY_ACTIVE_ARCH = YES;
				SDKROOT = iphoneos;
				SWIFT_ACTIVE_COMPILATION_CONDITIONS = "DEBUG $(inherited)";
				SWIFT_OPTIMIZATION_LEVEL = "-Onone";
			};
			name = Debug;
		};
		38AA7D492F6148AB00923217 /* Release */ = {
			isa = XCBuildConfiguration;
			buildSettings = {
				ALWAYS_SEARCH_USER_PATHS = NO;
				ASSETCATALOG_COMPILER_GENERATE_SWIFT_ASSET_SYMBOL_EXTENSIONS = YES;
				CLANG_ANALYZER_NONNULL = YES;
				CLANG_ANALYZER_NUMBER_OBJECT_CONVERSION = YES_AGGRESSIVE;
				CLANG_CXX_LANGUAGE_STANDARD = "gnu++20";
				CLANG_ENABLE_MODULES = YES;
				CLANG_ENABLE_OBJC_ARC = YES;
				CLANG_ENABLE_OBJC_WEAK = YES;
				CLANG_WARN_BLOCK_CAPTURE_AUTORELEASING = YES;
				CLANG_WARN_BOOL_CONVERSION = YES;
				CLANG_WARN_COMMA = YES;
				CLANG_WARN_CONSTANT_CONVERSION = YES;
				CLANG_WARN_DEPRECATED_OBJC_IMPLEMENTATIONS = YES;
				CLANG_WARN_DIRECT_OBJC_ISA_USAGE = YES_ERROR;
				CLANG_WARN_DOCUMENTATION_COMMENTS = YES;
				CLANG_WARN_EMPTY_BODY = YES;
				CLANG_WARN_ENUM_CONVERSION = YES;
				CLANG_WARN_INFINITE_RECURSION = YES;
				CLANG_WARN_INT_CONVERSION = YES;
				CLANG_WARN_NON_LITERAL_NULL_CONVERSION = YES;
				CLANG_WARN_OBJC_IMPLICIT_RETAIN_SELF = YES;
				CLANG_WARN_OBJC_LITERAL_CONVERSION = YES;
				CLANG_WARN_OBJC_ROOT_CLASS = YES_ERROR;
				CLANG_WARN_QUOTED_INCLUDE_IN_FRAMEWORK_HEADER = YES;
				CLANG_WARN_RANGE_LOOP_ANALYSIS = YES;
				CLANG_WARN_STRICT_PROTOTYPES = YES;
				CLANG_WARN_SUSPICIOUS_MOVE = YES;
				CLANG_WARN_UNGUARDED_AVAILABILITY = YES_AGGRESSIVE;
				CLANG_WARN_UNREACHABLE_CODE = YES;
				CLANG_WARN__DUPLICATE_METHOD_MATCH = YES;
				COPY_PHASE_STRIP = NO;
				DEBUG_INFORMATION_FORMAT = "dwarf-with-dsym";
				ENABLE_NS_ASSERTIONS = NO;
				ENABLE_STRICT_OBJC_MSGSEND = YES;
				ENABLE_USER_SCRIPT_SANDBOXING = YES;
				GCC_C_LANGUAGE_STANDARD = gnu17;
				GCC_NO_COMMON_BLOCKS = YES;
				GCC_WARN_64_TO_32_BIT_CONVERSION = YES;
				GCC_WARN_ABOUT_RETURN_TYPE = YES_ERROR;
				GCC_WARN_UNDECLARED_SELECTOR = YES;
				GCC_WARN_UNINITIALIZED_AUTOS = YES_AGGRESSIVE;
				GCC_WARN_UNUSED_FUNCTION = YES;
				GCC_WARN_UNUSED_VARIABLE = YES;
				IPHONEOS_DEPLOYMENT_TARGET = 17.0;
				LOCALIZATION_PREFERS_STRING_CATALOGS = YES;
				MTL_ENABLE_DEBUG_INFO = NO;
				MTL_FAST_MATH = YES;
				SDKROOT = iphoneos;
				SWIFT_COMPILATION_MODE = wholemodule;
				VALIDATE_PRODUCT = YES;
			};
			name = Release;
		};
		38AA7D4B2F6148AB00923217 /* Debug */ = {
			isa = XCBuildConfiguration;
			buildSettings = {
				ASSETCATALOG_COMPILER_APPICON_NAME = AppIcon;
				ASSETCATALOG_COMPILER_GLOBAL_ACCENT_COLOR_NAME = AccentColor;
				CODE_SIGN_STYLE = Automatic;
				CURRENT_PROJECT_VERSION = 1;
				DEVELOPMENT_ASSET_PATHS = "\"VideoPlayer/Preview Content\"";
				ENABLE_PREVIEWS = YES;
				GENERATE_INFOPLIST_FILE = YES;
				INFOPLIST_KEY_UIApplicationSceneManifest_Generation = YES;
				INFOPLIST_KEY_UIApplicationSupportsIndirectInputEvents = YES;
				INFOPLIST_KEY_UILaunchScreen_Generation = YES;
				INFOPLIST_KEY_UISupportedInterfaceOrientations_iPad = "UIInterfaceOrientationPortrait UIInterfaceOrientationPortraitUpsideDown UIInterfaceOrientationLandscapeLeft UIInterfaceOrientationLandscapeRight";
				INFOPLIST_KEY_UISupportedInterfaceOrientations_iPhone = "UIInterfaceOrientationPortrait UIInterfaceOrientationLandscapeLeft UIInterfaceOrientationLandscapeRight";
				LD_RUNPATH_SEARCH_PATHS = (
					"$(inherited)",
					"@executable_path/Frameworks",
				);
				MARKETING_VERSION = 1.0;
				PRODUCT_BUNDLE_IDENTIFIER = com.skay.VideoPlayer;
				PRODUCT_NAME = "$(TARGET_NAME)";
				SWIFT_EMIT_LOC_STRINGS = YES;
				SWIFT_VERSION = 5.0;
				TARGETED_DEVICE_FAMILY = "1,2";
			};
			name = Debug;
		};
		38AA7D4C2F6148AB00923217 /* Release */ = {
			isa = XCBuildConfiguration;
			buildSettings = {
				ASSETCATALOG_COMPILER_APPICON_NAME = AppIcon;
				ASSETCATALOG_COMPILER_GLOBAL_ACCENT_COLOR_NAME = AccentColor;
				CODE_SIGN_STYLE = Automatic;
				CURRENT_PROJECT_VERSION = 1;
				DEVELOPMENT_ASSET_PATHS = "\"VideoPlayer/Preview Content\"";
				ENABLE_PREVIEWS = YES;
				GENERATE_INFOPLIST_FILE = YES;
				INFOPLIST_KEY_UIApplicationSceneManifest_Generation = YES;
				INFOPLIST_KEY_UIApplicationSupportsIndirectInputEvents = YES;
				INFOPLIST_KEY_UILaunchScreen_Generation = YES;
				INFOPLIST_KEY_UISupportedInterfaceOrientations_iPad = "UIInterfaceOrientationPortrait UIInterfaceOrientationPortraitUpsideDown UIInterfaceOrientationLandscapeLeft UIInterfaceOrientationLandscapeRight";
				INFOPLIST_KEY_UISupportedInterfaceOrientations_iPhone = "UIInterfaceOrientationPortrait UIInterfaceOrientationLandscapeLeft UIInterfaceOrientationLandscapeRight";
				LD_RUNPATH_SEARCH_PATHS = (
					"$(inherited)",
					"@executable_path/Frameworks",
				);
				MARKETING_VERSION = 1.0;
				PRODUCT_BUNDLE_IDENTIFIER = com.skay.VideoPlayer;
				PRODUCT_NAME = "$(TARGET_NAME)";
				SWIFT_EMIT_LOC_STRINGS = YES;
				SWIFT_VERSION = 5.0;
				TARGETED_DEVICE_FAMILY = "1,2";
			};
			name = Release;
		};
		38AA7D4E2F6148AB00923217 /* Debug */ = {
			isa = XCBuildConfiguration;
			buildSettings = {
				ALWAYS_EMBED_SWIFT_STANDARD_LIBRARIES = YES;
				BUNDLE_LOADER = "$(TEST_HOST)";
				CODE_SIGN_STYLE = Automatic;
				CURRENT_PROJECT_VERSION = 1;
				GENERATE_INFOPLIST_FILE = YES;
				IPHONEOS_DEPLOYMENT_TARGET = 17.0;
				MARKETING_VERSION = 1.0;
				PRODUCT_BUNDLE_IDENTIFIER = com.skay.VideoPlayerTests;
				PRODUCT_NAME = "$(TARGET_NAME)";
				SWIFT_EMIT_LOC_STRINGS = NO;
				SWIFT_VERSION = 5.0;
				TARGETED_DEVICE_FAMILY = "1,2";
				TEST_HOST = "$(BUILT_PRODUCTS_DIR)/VideoPlayer.app/$(BUNDLE_EXECUTABLE_FOLDER_PATH)/VideoPlayer";
			};
			name = Debug;
		};
		38AA7D4F2F6148AB00923217 /* Release */ = {
			isa = XCBuildConfiguration;
			buildSettings = {
				ALWAYS_EMBED_SWIFT_STANDARD_LIBRARIES = YES;
				BUNDLE_LOADER = "$(TEST_HOST)";
				CODE_SIGN_STYLE = Automatic;
				CURRENT_PROJECT_VERSION = 1;
				GENERATE_INFOPLIST_FILE = YES;
				IPHONEOS_DEPLOYMENT_TARGET = 17.0;
				MARKETING_VERSION = 1.0;
				PRODUCT_BUNDLE_IDENTIFIER = com.skay.VideoPlayerTests;
				PRODUCT_NAME = "$(TARGET_NAME)";
				SWIFT_EMIT_LOC_STRINGS = NO;
				SWIFT_VERSION = 5.0;
				TARGETED_DEVICE_FAMILY = "1,2";
				TEST_HOST = "$(BUILT_PRODUCTS_DIR)/VideoPlayer.app/$(BUNDLE_EXECUTABLE_FOLDER_PATH)/VideoPlayer";
			};
			name = Release;
		};
		38AA7D512F6148AB00923217 /* Debug */ = {
			isa = XCBuildConfiguration;
			buildSettings = {
				ALWAYS_EMBED_SWIFT_STANDARD_LIBRARIES = YES;
				CODE_SIGN_STYLE = Automatic;
				CURRENT_PROJECT_VERSION = 1;
				GENERATE_INFOPLIST_FILE = YES;
				MARKETING_VERSION = 1.0;
				PRODUCT_BUNDLE_IDENTIFIER = com.skay.VideoPlayerUITests;
				PRODUCT_NAME = "$(TARGET_NAME)";
				SWIFT_EMIT_LOC_STRINGS = NO;
				SWIFT_VERSION = 5.0;
				TARGETED_DEVICE_FAMILY = "1,2";
				TEST_TARGET_NAME = VideoPlayer;
			};
			name = Debug;
		};
		38AA7D522F6148AB00923217 /* Release */ = {
			isa = XCBuildConfiguration;
			buildSettings = {
				ALWAYS_EMBED_SWIFT_STANDARD_LIBRARIES = YES;
				CODE_SIGN_STYLE = Automatic;
				CURRENT_PROJECT_VERSION = 1;
				GENERATE_INFOPLIST_FILE = YES;
				MARKETING_VERSION = 1.0;
				PRODUCT_BUNDLE_IDENTIFIER = com.skay.VideoPlayerUITests;
				PRODUCT_NAME = "$(TARGET_NAME)";
				SWIFT_EMIT_LOC_STRINGS = NO;
				SWIFT_VERSION = 5.0;
				TARGETED_DEVICE_FAMILY = "1,2";
				TEST_TARGET_NAME = VideoPlayer;
			};
			name = Release;
		};
/* End XCBuildConfiguration section */

/* Begin XCConfigurationList section */
		38AA7D212F6148A900923217 /* Build configuration list for PBXProject "VideoPlayer" */ = {
			isa = XCConfigurationList;
			buildConfigurations = (
				38AA7D482F6148AB00923217 /* Debug */,
				38AA7D492F6148AB00923217 /* Release */,
			);
			defaultConfigurationIsVisible = 0;
			defaultConfigurationName = Release;
		};
		38AA7D4A2F6148AB00923217 /* Build configuration list for PBXNativeTarget "VideoPlayer" */ = {
			isa = XCConfigurationList;
			buildConfigurations = (
				38AA7D4B2F6148AB00923217 /* Debug */,
				38AA7D4C2F6148AB00923217 /* Release */,
			);
			defaultConfigurationIsVisible = 0;
			defaultConfigurationName = Release;
		};
		38AA7D4D2F6148AB00923217 /* Build configuration list for PBXNativeTarget "VideoPlayerTests" */ = {
			isa = XCConfigurationList;
			buildConfigurations = (
				38AA7D4E2F6148AB00923217 /* Debug */,
				38AA7D4F2F6148AB00923217 /* Release */,
			);
			defaultConfigurationIsVisible = 0;
			defaultConfigurationName = Release;
		};
		38AA7D502F6148AB00923217 /* Build configuration list for PBXNativeTarget "VideoPlayerUITests" */ = {
			isa = XCConfigurationList;
			buildConfigurations = (
				38AA7D512F6148AB00923217 /* Debug */,
				38AA7D522F6148AB00923217 /* Release */,
			);
			defaultConfigurationIsVisible = 0;
			defaultConfigurationName = Release;
		};
/* End XCConfigurationList section */

/* Begin XCRemoteSwiftPackageReference section */
		38AA7D752F617DEA00923217 /* XCRemoteSwiftPackageReference "Nuke" */ = {
			isa = XCRemoteSwiftPackageReference;
			repositoryURL = "https://github.com/kean/Nuke";
			requirement = {
				kind = upToNextMajorVersion;
				minimumVersion = 12.9.0;
			};
		};
/* End XCRemoteSwiftPackageReference section */

/* Begin XCSwiftPackageProductDependency section */
		38AA7D762F617DEB00923217 /* NukeUI */ = {
			isa = XCSwiftPackageProductDependency;
			package = 38AA7D752F617DEA00923217 /* XCRemoteSwiftPackageReference "Nuke" */;
			productName = NukeUI;
		};
/* End XCSwiftPackageProductDependency section */
	};
	rootObject = 38AA7D1E2F6148A900923217 /* Project object */;
}
